
Microsoft Visual Studio Solution File, Format Version 12.00
# Visual Studio Version 17
VisualStudioVersion = 17.14.35806.103 d17.14
MinimumVisualStudioVersion = 10.0.40219.1
Project("{FAE04EC0-301F-11D3-BF4B-00C04F79EFBC}") = "BudgetTracker.Blazor", "BudgetTracker.Blazor\BudgetTracker.Blazor\BudgetTracker.Blazor.csproj", "{9BC16A9E-9F4C-AA48-6C1C-61EC7962AF37}"
EndProject
Project("{FAE04EC0-301F-11D3-BF4B-00C04F79EFBC}") = "BudgetTracker.Blazor.Client", "BudgetTracker.Blazor\BudgetTracker.Blazor.Client\BudgetTracker.Blazor.Client.csproj", "{7F0930CA-C25B-E647-D207-BCFEADA1505F}"
EndProject
Project("{FAE04EC0-301F-11D3-BF4B-00C04F79EFBC}") = "BudgetTracker.Blazor.AppHost", "BudgetTracker.Blazor.AppHost\BudgetTracker.Blazor.AppHost.csproj", "{A26D1F2D-EC85-4CB3-99A5-97D9F7994E90}"
EndProject
Project("{FAE04EC0-301F-11D3-BF4B-00C04F79EFBC}") = "BudgetTracker.Blazor.ServiceDefaults", "BudgetTracker.Blazor.ServiceDefaults\BudgetTracker.Blazor.ServiceDefaults.csproj", "{FED2AF7A-1F76-BBFC-87FB-10D1AB66DE76}"
EndProject
Project("{FAE04EC0-301F-11D3-BF4B-00C04F79EFBC}") = "BudgetTracker.Shared", "BudgetTracker.Shared\BudgetTracker.Shared.csproj", "{B7E65A69-6D41-47B9-98F5-4F0780D64BA0}"
EndProject
Global
	GlobalSection(SolutionConfigurationPlatforms) = preSolution
		Debug|Any CPU = Debug|Any CPU
		Release|Any CPU = Release|Any CPU
	EndGlobalSection
	GlobalSection(ProjectConfigurationPlatforms) = postSolution
		{9BC16A9E-9F4C-AA48-6C1C-61EC7962AF37}.Debug|Any CPU.ActiveCfg = Debug|Any CPU
		{9BC16A9E-9F4C-AA48-6C1C-61EC7962AF37}.Debug|Any CPU.Build.0 = Debug|Any CPU
		{9BC16A9E-9F4C-AA48-6C1C-61EC7962AF37}.Release|Any CPU.ActiveCfg = Release|Any CPU
		{9BC16A9E-9F4C-AA48-6C1C-61EC7962AF37}.Release|Any CPU.Build.0 = Release|Any CPU
		{7F0930CA-C25B-E647-D207-BCFEADA1505F}.Debug|Any CPU.ActiveCfg = Debug|Any CPU
		{7F0930CA-C25B-E647-D207-BCFEADA1505F}.Debug|Any CPU.Build.0 = Debug|Any CPU
		{7F0930CA-C25B-E647-D207-BCFEADA1505F}.Release|Any CPU.ActiveCfg = Release|Any CPU
		{7F0930CA-C25B-E647-D207-BCFEADA1505F}.Release|Any CPU.Build.0 = Release|Any CPU
		{A26D1F2D-EC85-4CB3-99A5-97D9F7994E90}.Debug|Any CPU.ActiveCfg = Debug|Any CPU
		{A26D1F2D-EC85-4CB3-99A5-97D9F7994E90}.Debug|Any CPU.Build.0 = Debug|Any CPU
		{A26D1F2D-EC85-4CB3-99A5-97D9F7994E90}.Release|Any CPU.ActiveCfg = Release|Any CPU
		{A26D1F2D-EC85-4CB3-99A5-97D9F7994E90}.Release|Any CPU.Build.0 = Release|Any CPU
		{FED2AF7A-1F76-BBFC-87FB-10D1AB66DE76}.Debug|Any CPU.ActiveCfg = Debug|Any CPU
		{FED2AF7A-1F76-BBFC-87FB-10D1AB66DE76}.Debug|Any CPU.Build.0 = Debug|Any CPU
		{FED2AF7A-1F76-BBFC-87FB-10D1AB66DE76}.Release|Any CPU.ActiveCfg = Release|Any CPU
		{FED2AF7A-1F76-BBFC-87FB-10D1AB66DE76}.Release|Any CPU.Build.0 = Release|Any CPU
		{B7E65A69-6D41-47B9-98F5-4F0780D64BA0}.Debug|Any CPU.ActiveCfg = Debug|Any CPU
		{B7E65A69-6D41-47B9-98F5-4F0780D64BA0}.Debug|Any CPU.Build.0 = Debug|Any CPU
		{B7E65A69-6D41-47B9-98F5-4F0780D64BA0}.Release|Any CPU.ActiveCfg = Release|Any CPU
		{B7E65A69-6D41-47B9-98F5-4F0780D64BA0}.Release|Any CPU.Build.0 = Release|Any CPU
	EndGlobalSection
	GlobalSection(SolutionProperties) = preSolution
		HideSolutionNode = FALSE
	EndGlobalSection
	GlobalSection(ExtensibilityGlobals) = postSolution
		SolutionGuid = {55075CBA-9295-4274-8123-A15CA8425B5C}
	EndGlobalSection
EndGlobal
