Microsoft Visual Studio Solution File, Format Version 12.00
# Visual Studio Version 17
VisualStudioVersion = 17.10.34707.107
MinimumVisualStudioVersion = 10.0.40219.1
Project("{FAE04EC0-301F-11D3-BF4B-00C04F79EFBC}") = "BudgetTracker.AppHost", "BudgetTracker.AppHost\BudgetTracker.AppHost.csproj", "{7820B240-7B68-4058-8C07-ABC697480D61}"
EndProject
Project("{9A19103F-16F7-4668-BE54-9A1E7A4F7556}") = "BudgetTracker.ServiceDefaults", "BudgetTracker.ServiceDefaults\BudgetTracker.ServiceDefaults.csproj", "{73DB8142-8F37-454A-8A34-F50408F0BB28}"
EndProject
Project("{9A19103F-16F7-4668-BE54-9A1E7A4F7556}") = "BudgetTracker.ApiService", "BudgetTracker.ApiService\BudgetTracker.ApiService.csproj", "{F97025F5-7049-4D55-9B74-BD9D0AA401FE}"
EndProject
Project("{9A19103F-16F7-4668-BE54-9A1E7A4F7556}") = "BudgetTracker.Web", "BudgetTracker.Web\BudgetTracker.Web.csproj", "{C93CAE99-9392-41A8-83B7-90CDE9F56E8F}"
EndProject
Global
	GlobalSection(SolutionConfigurationPlatforms) = preSolution
		Debug|Any CPU = Debug|Any CPU
		Release|Any CPU = Release|Any CPU
	EndGlobalSection
	GlobalSection(ProjectConfigurationPlatforms) = postSolution
		{7820B240-7B68-4058-8C07-ABC697480D61}.Debug|Any CPU.ActiveCfg = Debug|Any CPU
		{7820B240-7B68-4058-8C07-ABC697480D61}.Debug|Any CPU.Build.0 = Debug|Any CPU
		{7820B240-7B68-4058-8C07-ABC697480D61}.Release|Any CPU.ActiveCfg = Release|Any CPU
		{7820B240-7B68-4058-8C07-ABC697480D61}.Release|Any CPU.Build.0 = Release|Any CPU
		{73DB8142-8F37-454A-8A34-F50408F0BB28}.Debug|Any CPU.ActiveCfg = Debug|Any CPU
		{73DB8142-8F37-454A-8A34-F50408F0BB28}.Debug|Any CPU.Build.0 = Debug|Any CPU
		{73DB8142-8F37-454A-8A34-F50408F0BB28}.Release|Any CPU.ActiveCfg = Release|Any CPU
		{73DB8142-8F37-454A-8A34-F50408F0BB28}.Release|Any CPU.Build.0 = Release|Any CPU
		{F97025F5-7049-4D55-9B74-BD9D0AA401FE}.Debug|Any CPU.ActiveCfg = Debug|Any CPU
		{F97025F5-7049-4D55-9B74-BD9D0AA401FE}.Debug|Any CPU.Build.0 = Debug|Any CPU
		{F97025F5-7049-4D55-9B74-BD9D0AA401FE}.Release|Any CPU.ActiveCfg = Release|Any CPU
		{F97025F5-7049-4D55-9B74-BD9D0AA401FE}.Release|Any CPU.Build.0 = Release|Any CPU
		{C93CAE99-9392-41A8-83B7-90CDE9F56E8F}.Debug|Any CPU.ActiveCfg = Debug|Any CPU
		{C93CAE99-9392-41A8-83B7-90CDE9F56E8F}.Debug|Any CPU.Build.0 = Debug|Any CPU
		{C93CAE99-9392-41A8-83B7-90CDE9F56E8F}.Release|Any CPU.ActiveCfg = Release|Any CPU
		{C93CAE99-9392-41A8-83B7-90CDE9F56E8F}.Release|Any CPU.Build.0 = Release|Any CPU
	EndGlobalSection
	GlobalSection(SolutionProperties) = preSolution
		HideSolutionNode = FALSE
	EndGlobalSection
	GlobalSection(ExtensibilityGlobals) = postSolution
		SolutionGuid = {51630AF8-FF14-45DB-8E47-CF71C20C58E6}
	EndGlobalSection
EndGlobal
